// !$*UTF8*$!
{
	archiveVersion = 1;
	classes = {
	};
	objectVersion = 55;
	objects = {

/* Begin PBXBuildFile section */
		2216BAAD28D5156B00D7BD5D /* CoinDataService.swift in Sources */ = {isa = PBXBuildFile; fileRef = 2216BAAC28D5156B00D7BD5D /* CoinDataService.swift */; };
		2217581428CB80DB002828D9 /* CoinModel.swift in Sources */ = {isa = PBXBuildFile; fileRef = 2217581328CB80DB002828D9 /* CoinModel.swift */; };
		2217581628CB8960002828D9 /* CoinRowView.swift in Sources */ = {isa = PBXBuildFile; fileRef = 2217581528CB8960002828D9 /* CoinRowView.swift */; };
		2217581828CB8A04002828D9 /* PreviewProvider.swift in Sources */ = {isa = PBXBuildFile; fileRef = 2217581728CB8A04002828D9 /* PreviewProvider.swift */; };
		2217581A28CB932B002828D9 /* Double.swift in Sources */ = {isa = PBXBuildFile; fileRef = 2217581928CB932B002828D9 /* Double.swift */; };
		2217581C28CBABFF002828D9 /* HomeViewModel.swift in Sources */ = {isa = PBXBuildFile; fileRef = 2217581B28CBABFF002828D9 /* HomeViewModel.swift */; };
		2263584728E0A6CF005A01D5 /* NetworkingManager.swift in Sources */ = {isa = PBXBuildFile; fileRef = 2263584628E0A6CF005A01D5 /* NetworkingManager.swift */; };
		2278E8CF28CB55A20051613E /* CryptoAppApp.swift in Sources */ = {isa = PBXBuildFile; fileRef = 2278E8CE28CB55A20051613E /* CryptoAppApp.swift */; };
		2278E8D128CB55A20051613E /* ContentView.swift in Sources */ = {isa = PBXBuildFile; fileRef = 2278E8D028CB55A20051613E /* ContentView.swift */; };
		2278E8D328CB55A60051613E /* Assets.xcassets in Resources */ = {isa = PBXBuildFile; fileRef = 2278E8D228CB55A60051613E /* Assets.xcassets */; };
		2278E8D628CB55A60051613E /* Preview Assets.xcassets in Resources */ = {isa = PBXBuildFile; fileRef = 2278E8D528CB55A60051613E /* Preview Assets.xcassets */; };
		2278E8DE28CB5CCD0051613E /* Color.swift in Sources */ = {isa = PBXBuildFile; fileRef = 2278E8DD28CB5CCD0051613E /* Color.swift */; };
		2278E8E428CB5F030051613E /* HomeView.swift in Sources */ = {isa = PBXBuildFile; fileRef = 2278E8E328CB5F030051613E /* HomeView.swift */; };
		2278E8E828CB61F60051613E /* CircleButtonView.swift in Sources */ = {isa = PBXBuildFile; fileRef = 2278E8E728CB61F60051613E /* CircleButtonView.swift */; };
		2278E8EB28CB67F80051613E /* CircleButtonAnimationView.swift in Sources */ = {isa = PBXBuildFile; fileRef = 2278E8EA28CB67F80051613E /* CircleButtonAnimationView.swift */; };
/* End PBXBuildFile section */

/* Begin PBXFileReference section */
		2216BAAC28D5156B00D7BD5D /* CoinDataService.swift */ = {isa = PBXFileReference; lastKnownFileType = sourcecode.swift; path = CoinDataService.swift; sourceTree = "<group>"; };
		2217581328CB80DB002828D9 /* CoinModel.swift */ = {isa = PBXFileReference; lastKnownFileType = sourcecode.swift; path = CoinModel.swift; sourceTree = "<group>"; };
		2217581528CB8960002828D9 /* CoinRowView.swift */ = {isa = PBXFileReference; lastKnownFileType = sourcecode.swift; path = CoinRowView.swift; sourceTree = "<group>"; };
		2217581728CB8A04002828D9 /* PreviewProvider.swift */ = {isa = PBXFileReference; lastKnownFileType = sourcecode.swift; path = PreviewProvider.swift; sourceTree = "<group>"; };
		2217581928CB932B002828D9 /* Double.swift */ = {isa = PBXFileReference; lastKnownFileType = sourcecode.swift; path = Double.swift; sourceTree = "<group>"; };
		2217581B28CBABFF002828D9 /* HomeViewModel.swift */ = {isa = PBXFileReference; lastKnownFileType = sourcecode.swift; path = HomeViewModel.swift; sourceTree = "<group>"; };
		2263584628E0A6CF005A01D5 /* NetworkingManager.swift */ = {isa = PBXFileReference; lastKnownFileType = sourcecode.swift; path = NetworkingManager.swift; sourceTree = "<group>"; };
		2278E8CB28CB55A20051613E /* CryptoApp.app */ = {isa = PBXFileReference; explicitFileType = wrapper.application; includeInIndex = 0; path = CryptoApp.app; sourceTree = BUILT_PRODUCTS_DIR; };
		2278E8CE28CB55A20051613E /* CryptoAppApp.swift */ = {isa = PBXFileReference; lastKnownFileType = sourcecode.swift; path = CryptoAppApp.swift; sourceTree = "<group>"; };
		2278E8D028CB55A20051613E /* ContentView.swift */ = {isa = PBXFileReference; lastKnownFileType = sourcecode.swift; path = ContentView.swift; sourceTree = "<group>"; };
		2278E8D228CB55A60051613E /* Assets.xcassets */ = {isa = PBXFileReference; lastKnownFileType = folder.assetcatalog; path = Assets.xcassets; sourceTree = "<group>"; };
		2278E8D528CB55A60051613E /* Preview Assets.xcassets */ = {isa = PBXFileReference; lastKnownFileType = folder.assetcatalog; path = "Preview Assets.xcassets"; sourceTree = "<group>"; };
		2278E8DD28CB5CCD0051613E /* Color.swift */ = {isa = PBXFileReference; lastKnownFileType = sourcecode.swift; path = Color.swift; sourceTree = "<group>"; };
		2278E8E328CB5F030051613E /* HomeView.swift */ = {isa = PBXFileReference; lastKnownFileType = sourcecode.swift; path = HomeView.swift; sourceTree = "<group>"; };
		2278E8E728CB61F60051613E /* CircleButtonView.swift */ = {isa = PBXFileReference; lastKnownFileType = sourcecode.swift; path = CircleButtonView.swift; sourceTree = "<group>"; };
		2278E8EA28CB67F80051613E /* CircleButtonAnimationView.swift */ = {isa = PBXFileReference; lastKnownFileType = sourcecode.swift; path = CircleButtonAnimationView.swift; sourceTree = "<group>"; };
/* End PBXFileReference section */

/* Begin PBXFrameworksBuildPhase section */
		2278E8C828CB55A20051613E /* Frameworks */ = {
			isa = PBXFrameworksBuildPhase;
			buildActionMask = 2147483647;
			files = (
			);
			runOnlyForDeploymentPostprocessing = 0;
		};
/* End PBXFrameworksBuildPhase section */

/* Begin PBXGroup section */
		2216BAAB28D5151E00D7BD5D /* Services */ = {
			isa = PBXGroup;
			children = (
				2216BAAC28D5156B00D7BD5D /* CoinDataService.swift */,
			);
			path = Services;
			sourceTree = "<group>";
		};
		2217581228CB80C4002828D9 /* Models */ = {
			isa = PBXGroup;
			children = (
				2217581328CB80DB002828D9 /* CoinModel.swift */,
			);
			path = Models;
			sourceTree = "<group>";
		};
		2263584528E0A69B005A01D5 /* Utilities */ = {
			isa = PBXGroup;
			children = (
				2263584628E0A6CF005A01D5 /* NetworkingManager.swift */,
			);
			path = Utilities;
			sourceTree = "<group>";
		};
		2278E8C228CB55A10051613E = {
			isa = PBXGroup;
			children = (
				2278E8CD28CB55A20051613E /* CryptoApp */,
				2278E8CC28CB55A20051613E /* Products */,
			);
			sourceTree = "<group>";
		};
		2278E8CC28CB55A20051613E /* Products */ = {
			isa = PBXGroup;
			children = (
				2278E8CB28CB55A20051613E /* CryptoApp.app */,
			);
			name = Products;
			sourceTree = "<group>";
		};
		2278E8CD28CB55A20051613E /* CryptoApp */ = {
			isa = PBXGroup;
			children = (
				2263584528E0A69B005A01D5 /* Utilities */,
				2278E8DC28CB5CB80051613E /* Extensions */,
				2216BAAB28D5151E00D7BD5D /* Services */,
				2217581228CB80C4002828D9 /* Models */,
				2278E8DF28CB5ED80051613E /* Core */,
				2278E8CE28CB55A20051613E /* CryptoAppApp.swift */,
				2278E8D028CB55A20051613E /* ContentView.swift */,
				2278E8D228CB55A60051613E /* Assets.xcassets */,
				2278E8D428CB55A60051613E /* Preview Content */,
			);
			path = CryptoApp;
			sourceTree = "<group>";
		};
		2278E8D428CB55A60051613E /* Preview Content */ = {
			isa = PBXGroup;
			children = (
				2278E8D528CB55A60051613E /* Preview Assets.xcassets */,
			);
			path = "Preview Content";
			sourceTree = "<group>";
		};
		2278E8DC28CB5CB80051613E /* Extensions */ = {
			isa = PBXGroup;
			children = (
				2278E8DD28CB5CCD0051613E /* Color.swift */,
				2217581728CB8A04002828D9 /* PreviewProvider.swift */,
				2217581928CB932B002828D9 /* Double.swift */,
			);
			path = Extensions;
			sourceTree = "<group>";
		};
		2278E8DF28CB5ED80051613E /* Core */ = {
			isa = PBXGroup;
			children = (
				2278E8E528CB61CA0051613E /* Components */,
				2278E8E028CB5EE70051613E /* Home */,
			);
			path = Core;
			sourceTree = "<group>";
		};
		2278E8E028CB5EE70051613E /* Home */ = {
			isa = PBXGroup;
			children = (
				2278E8E228CB5EF40051613E /* ViewModels */,
				2278E8E128CB5EED0051613E /* Views */,
			);
			path = Home;
			sourceTree = "<group>";
		};
		2278E8E128CB5EED0051613E /* Views */ = {
			isa = PBXGroup;
			children = (
				2278E8E328CB5F030051613E /* HomeView.swift */,
				2217581528CB8960002828D9 /* CoinRowView.swift */,
			);
			path = Views;
			sourceTree = "<group>";
		};
		2278E8E228CB5EF40051613E /* ViewModels */ = {
			isa = PBXGroup;
			children = (
				2217581B28CBABFF002828D9 /* HomeViewModel.swift */,
			);
			path = ViewModels;
			sourceTree = "<group>";
		};
		2278E8E528CB61CA0051613E /* Components */ = {
			isa = PBXGroup;
			children = (
				2278E8E628CB61D80051613E /* CircleButton */,
			);
			path = Components;
			sourceTree = "<group>";
		};
		2278E8E628CB61D80051613E /* CircleButton */ = {
			isa = PBXGroup;
			children = (
				2278E8E728CB61F60051613E /* CircleButtonView.swift */,
				2278E8EA28CB67F80051613E /* CircleButtonAnimationView.swift */,
			);
			path = CircleButton;
			sourceTree = "<group>";
		};
/* End PBXGroup section */

/* Begin PBXNativeTarget section */
		2278E8CA28CB55A20051613E /* CryptoApp */ = {
			isa = PBXNativeTarget;
			buildConfigurationList = 2278E8D928CB55A60051613E /* Build configuration list for PBXNativeTarget "CryptoApp" */;
			buildPhases = (
				2278E8C728CB55A20051613E /* Sources */,
				2278E8C828CB55A20051613E /* Frameworks */,
				2278E8C928CB55A20051613E /* Resources */,
			);
			buildRules = (
			);
			dependencies = (
			);
			name = CryptoApp;
			productName = CryptoApp;
			productReference = 2278E8CB28CB55A20051613E /* CryptoApp.app */;
			productType = "com.apple.product-type.application";
		};
/* End PBXNativeTarget section */

/* Begin PBXProject section */
		2278E8C328CB55A10051613E /* Project object */ = {
			isa = PBXProject;
			attributes = {
				BuildIndependentTargetsInParallel = 1;
				LastSwiftUpdateCheck = 1340;
				LastUpgradeCheck = 1340;
				TargetAttributes = {
					2278E8CA28CB55A20051613E = {
						CreatedOnToolsVersion = 13.4.1;
					};
				};
			};
			buildConfigurationList = 2278E8C628CB55A10051613E /* Build configuration list for PBXProject "CryptoApp" */;
			compatibilityVersion = "Xcode 13.0";
			developmentRegion = en;
			hasScannedForEncodings = 0;
			knownRegions = (
				en,
				Base,
			);
			mainGroup = 2278E8C228CB55A10051613E;
			productRefGroup = 2278E8CC28CB55A20051613E /* Products */;
			projectDirPath = "";
			projectRoot = "";
			targets = (
				2278E8CA28CB55A20051613E /* CryptoApp */,
			);
		};
/* End PBXProject section */

/* Begin PBXResourcesBuildPhase section */
		2278E8C928CB55A20051613E /* Resources */ = {
			isa = PBXResourcesBuildPhase;
			buildActionMask = 2147483647;
			files = (
				2278E8D628CB55A60051613E /* Preview Assets.xcassets in Resources */,
				2278E8D328CB55A60051613E /* Assets.xcassets in Resources */,
			);
			runOnlyForDeploymentPostprocessing = 0;
		};
/* End PBXResourcesBuildPhase section */

/* Begin PBXSourcesBuildPhase section */
		2278E8C728CB55A20051613E /* Sources */ = {
			isa = PBXSourcesBuildPhase;
			buildActionMask = 2147483647;
			files = (
				2216BAAD28D5156B00D7BD5D /* CoinDataService.swift in Sources */,
				2217581628CB8960002828D9 /* CoinRowView.swift in Sources */,
				2217581C28CBABFF002828D9 /* HomeViewModel.swift in Sources */,
				2263584728E0A6CF005A01D5 /* NetworkingManager.swift in Sources */,
				2278E8D128CB55A20051613E /* ContentView.swift in Sources */,
				2278E8E428CB5F030051613E /* HomeView.swift in Sources */,
				2278E8CF28CB55A20051613E /* CryptoAppApp.swift in Sources */,
				2278E8E828CB61F60051613E /* CircleButtonView.swift in Sources */,
				2278E8DE28CB5CCD0051613E /* Color.swift in Sources */,
				2278E8EB28CB67F80051613E /* CircleButtonAnimationView.swift in Sources */,
				2217581828CB8A04002828D9 /* PreviewProvider.swift in Sources */,
				2217581A28CB932B002828D9 /* Double.swift in Sources */,
				2217581428CB80DB002828D9 /* CoinModel.swift in Sources */,
			);
			runOnlyForDeploymentPostprocessing = 0;
		};
/* End PBXSourcesBuildPhase section */

/* Begin XCBuildConfiguration section */
		2278E8D728CB55A60051613E /* Debug */ = {
			isa = XCBuildConfiguration;
			buildSettings = {
				ALWAYS_SEARCH_USER_PATHS = NO;
				CLANG_ANALYZER_NONNULL = YES;
				CLANG_ANALYZER_NUMBER_OBJECT_CONVERSION = YES_AGGRESSIVE;
				CLANG_CXX_LANGUAGE_STANDARD = "gnu++17";
				CLANG_ENABLE_MODULES = YES;
				CLANG_ENABLE_OBJC_ARC = YES;
				CLANG_ENABLE_OBJC_WEAK = YES;
				CLANG_WARN_BLOCK_CAPTURE_AUTORELEASING = YES;
				CLANG_WARN_BOOL_CONVERSION = YES;
				CLANG_WARN_COMMA = YES;
				CLANG_WARN_CONSTANT_CONVERSION = YES;
				CLANG_WARN_DEPRECATED_OBJC_IMPLEMENTATIONS = YES;
				CLANG_WARN_DIRECT_OBJC_ISA_USAGE = YES_ERROR;
				CLANG_WARN_DOCUMENTATION_COMMENTS = YES;
				CLANG_WARN_EMPTY_BODY = YES;
				CLANG_WARN_ENUM_CONVERSION = YES;
				CLANG_WARN_INFINITE_RECURSION = YES;
				CLANG_WARN_INT_CONVERSION = YES;
				CLANG_WARN_NON_LITERAL_NULL_CONVERSION = YES;
				CLANG_WARN_OBJC_IMPLICIT_RETAIN_SELF = YES;
				CLANG_WARN_OBJC_LITERAL_CONVERSION = YES;
				CLANG_WARN_OBJC_ROOT_CLASS = YES_ERROR;
				CLANG_WARN_QUOTED_INCLUDE_IN_FRAMEWORK_HEADER = YES;
				CLANG_WARN_RANGE_LOOP_ANALYSIS = YES;
				CLANG_WARN_STRICT_PROTOTYPES = YES;
				CLANG_WARN_SUSPICIOUS_MOVE = YES;
				CLANG_WARN_UNGUARDED_AVAILABILITY = YES_AGGRESSIVE;
				CLANG_WARN_UNREACHABLE_CODE = YES;
				CLANG_WARN__DUPLICATE_METHOD_MATCH = YES;
				COPY_PHASE_STRIP = NO;
				DEBUG_INFORMATION_FORMAT = dwarf;
				ENABLE_STRICT_OBJC_MSGSEND = YES;
				ENABLE_TESTABILITY = YES;
				GCC_C_LANGUAGE_STANDARD = gnu11;
				GCC_DYNAMIC_NO_PIC = NO;
				GCC_NO_COMMON_BLOCKS = YES;
				GCC_OPTIMIZATION_LEVEL = 0;
				GCC_PREPROCESSOR_DEFINITIONS = (
					"DEBUG=1",
					"$(inherited)",
				);
				GCC_WARN_64_TO_32_BIT_CONVERSION = YES;
				GCC_WARN_ABOUT_RETURN_TYPE = YES_ERROR;
				GCC_WARN_UNDECLARED_SELECTOR = YES;
				GCC_WARN_UNINITIALIZED_AUTOS = YES_AGGRESSIVE;
				GCC_WARN_UNUSED_FUNCTION = YES;
				GCC_WARN_UNUSED_VARIABLE = YES;
				IPHONEOS_DEPLOYMENT_TARGET = 15.5;
				MTL_ENABLE_DEBUG_INFO = INCLUDE_SOURCE;
				MTL_FAST_MATH = YES;
				ONLY_ACTIVE_ARCH = YES;
				SDKROOT = iphoneos;
				SWIFT_ACTIVE_COMPILATION_CONDITIONS = DEBUG;
				SWIFT_OPTIMIZATION_LEVEL = "-Onone";
			};
			name = Debug;
		};
		2278E8D828CB55A60051613E /* Release */ = {
			isa = XCBuildConfiguration;
			buildSettings = {
				ALWAYS_SEARCH_USER_PATHS = NO;
				CLANG_ANALYZER_NONNULL = YES;
				CLANG_ANALYZER_NUMBER_OBJECT_CONVERSION = YES_AGGRESSIVE;
				CLANG_CXX_LANGUAGE_STANDARD = "gnu++17";
				CLANG_ENABLE_MODULES = YES;
				CLANG_ENABLE_OBJC_ARC = YES;
				CLANG_ENABLE_OBJC_WEAK = YES;
				CLANG_WARN_BLOCK_CAPTURE_AUTORELEASING = YES;
				CLANG_WARN_BOOL_CONVERSION = YES;
				CLANG_WARN_COMMA = YES;
				CLANG_WARN_CONSTANT_CONVERSION = YES;
				CLANG_WARN_DEPRECATED_OBJC_IMPLEMENTATIONS = YES;
				CLANG_WARN_DIRECT_OBJC_ISA_USAGE = YES_ERROR;
				CLANG_WARN_DOCUMENTATION_COMMENTS = YES;
				CLANG_WARN_EMPTY_BODY = YES;
				CLANG_WARN_ENUM_CONVERSION = YES;
				CLANG_WARN_INFINITE_RECURSION = YES;
				CLANG_WARN_INT_CONVERSION = YES;
				CLANG_WARN_NON_LITERAL_NULL_CONVERSION = YES;
				CLANG_WARN_OBJC_IMPLICIT_RETAIN_SELF = YES;
				CLANG_WARN_OBJC_LITERAL_CONVERSION = YES;
				CLANG_WARN_OBJC_ROOT_CLASS = YES_ERROR;
				CLANG_WARN_QUOTED_INCLUDE_IN_FRAMEWORK_HEADER = YES;
				CLANG_WARN_RANGE_LOOP_ANALYSIS = YES;
				CLANG_WARN_STRICT_PROTOTYPES = YES;
				CLANG_WARN_SUSPICIOUS_MOVE = YES;
				CLANG_WARN_UNGUARDED_AVAILABILITY = YES_AGGRESSIVE;
				CLANG_WARN_UNREACHABLE_CODE = YES;
				CLANG_WARN__DUPLICATE_METHOD_MATCH = YES;
				COPY_PHASE_STRIP = NO;
				DEBUG_INFORMATION_FORMAT = "dwarf-with-dsym";
				ENABLE_NS_ASSERTIONS = NO;
				ENABLE_STRICT_OBJC_MSGSEND = YES;
				GCC_C_LANGUAGE_STANDARD = gnu11;
				GCC_NO_COMMON_BLOCKS = YES;
				GCC_WARN_64_TO_32_BIT_CONVERSION = YES;
				GCC_WARN_ABOUT_RETURN_TYPE = YES_ERROR;
				GCC_WARN_UNDECLARED_SELECTOR = YES;
				GCC_WARN_UNINITIALIZED_AUTOS = YES_AGGRESSIVE;
				GCC_WARN_UNUSED_FUNCTION = YES;
				GCC_WARN_UNUSED_VARIABLE = YES;
				IPHONEOS_DEPLOYMENT_TARGET = 15.5;
				MTL_ENABLE_DEBUG_INFO = NO;
				MTL_FAST_MATH = YES;
				SDKROOT = iphoneos;
				SWIFT_COMPILATION_MODE = wholemodule;
				SWIFT_OPTIMIZATION_LEVEL = "-O";
				VALIDATE_PRODUCT = YES;
			};
			name = Release;
		};
		2278E8DA28CB55A60051613E /* Debug */ = {
			isa = XCBuildConfiguration;
			buildSettings = {
				ASSETCATALOG_COMPILER_APPICON_NAME = AppIcon;
				ASSETCATALOG_COMPILER_GLOBAL_ACCENT_COLOR_NAME = AccentColor;
				CODE_SIGN_STYLE = Automatic;
				CURRENT_PROJECT_VERSION = 1;
				DEVELOPMENT_ASSET_PATHS = "\"CryptoApp/Preview Content\"";
				ENABLE_PREVIEWS = YES;
				GENERATE_INFOPLIST_FILE = YES;
				INFOPLIST_KEY_UIApplicationSceneManifest_Generation = YES;
				INFOPLIST_KEY_UIApplicationSupportsIndirectInputEvents = YES;
				INFOPLIST_KEY_UILaunchScreen_Generation = YES;
				INFOPLIST_KEY_UISupportedInterfaceOrientations = UIInterfaceOrientationPortrait;
				INFOPLIST_KEY_UISupportedInterfaceOrientations_iPad = "UIInterfaceOrientationPortrait UIInterfaceOrientationPortraitUpsideDown UIInterfaceOrientationLandscapeLeft UIInterfaceOrientationLandscapeRight";
				INFOPLIST_KEY_UISupportedInterfaceOrientations_iPhone = "UIInterfaceOrientationPortrait UIInterfaceOrientationLandscapeLeft UIInterfaceOrientationLandscapeRight";
				IPHONEOS_DEPLOYMENT_TARGET = 14.0;
				LD_RUNPATH_SEARCH_PATHS = (
					"$(inherited)",
					"@executable_path/Frameworks",
				);
				MARKETING_VERSION = 1.0;
				PRODUCT_BUNDLE_IDENTIFIER = com.tawhidul.CryptoApp;
				PRODUCT_NAME = "$(TARGET_NAME)";
				SWIFT_EMIT_LOC_STRINGS = YES;
				SWIFT_VERSION = 5.0;
				TARGETED_DEVICE_FAMILY = "1,2";
			};
			name = Debug;
		};
		2278E8DB28CB55A60051613E /* Release */ = {
			isa = XCBuildConfiguration;
			buildSettings = {
				ASSETCATALOG_COMPILER_APPICON_NAME = AppIcon;
				ASSETCATALOG_COMPILER_GLOBAL_ACCENT_COLOR_NAME = AccentColor;
				CODE_SIGN_STYLE = Automatic;
				CURRENT_PROJECT_VERSION = 1;
				DEVELOPMENT_ASSET_PATHS = "\"CryptoApp/Preview Content\"";
				ENABLE_PREVIEWS = YES;
				GENERATE_INFOPLIST_FILE = YES;
				INFOPLIST_KEY_UIApplicationSceneManifest_Generation = YES;
				INFOPLIST_KEY_UIApplicationSupportsIndirectInputEvents = YES;
				INFOPLIST_KEY_UILaunchScreen_Generation = YES;
				INFOPLIST_KEY_UISupportedInterfaceOrientations = UIInterfaceOrientationPortrait;
				INFOPLIST_KEY_UISupportedInterfaceOrientations_iPad = "UIInterfaceOrientationPortrait UIInterfaceOrientationPortraitUpsideDown UIInterfaceOrientationLandscapeLeft UIInterfaceOrientationLandscapeRight";
				INFOPLIST_KEY_UISupportedInterfaceOrientations_iPhone = "UIInterfaceOrientationPortrait UIInterfaceOrientationLandscapeLeft UIInterfaceOrientationLandscapeRight";
				IPHONEOS_DEPLOYMENT_TARGET = 14.0;
				LD_RUNPATH_SEARCH_PATHS = (
					"$(inherited)",
					"@executable_path/Frameworks",
				);
				MARKETING_VERSION = 1.0;
				PRODUCT_BUNDLE_IDENTIFIER = com.tawhidul.CryptoApp;
				PRODUCT_NAME = "$(TARGET_NAME)";
				SWIFT_EMIT_LOC_STRINGS = YES;
				SWIFT_VERSION = 5.0;
				TARGETED_DEVICE_FAMILY = "1,2";
			};
			name = Release;
		};
/* End XCBuildConfiguration section */

/* Begin XCConfigurationList section */
		2278E8C628CB55A10051613E /* Build configuration list for PBXProject "CryptoApp" */ = {
			isa = XCConfigurationList;
			buildConfigurations = (
				2278E8D728CB55A60051613E /* Debug */,
				2278E8D828CB55A60051613E /* Release */,
			);
			defaultConfigurationIsVisible = 0;
			defaultConfigurationName = Release;
		};
		2278E8D928CB55A60051613E /* Build configuration list for PBXNativeTarget "CryptoApp" */ = {
			isa = XCConfigurationList;
			buildConfigurations = (
				2278E8DA28CB55A60051613E /* Debug */,
				2278E8DB28CB55A60051613E /* Release */,
			);
			defaultConfigurationIsVisible = 0;
			defaultConfigurationName = Release;
		};
/* End XCConfigurationList section */
	};
	rootObject = 2278E8C328CB55A10051613E /* Project object */;
}
